// !$*UTF8*$!
{
	archiveVersion = 1;
	classes = {
	};
	objectVersion = 56;
	objects = {

/* Begin PBXBuildFile section */
		731237E82B511D91001DC59C /* PetViewController.swift in Sources */ = {isa = PBXBuildFile; fileRef = 731237E72B511D91001DC59C /* PetViewController.swift */; };
		731237EA2B512125001DC59C /* Cat.swift in Sources */ = {isa = PBXBuildFile; fileRef = 731237E92B512125001DC59C /* Cat.swift */; };
		73868DCF2B4FFB38006CF5C7 /* AppDelegate.swift in Sources */ = {isa = PBXBuildFile; fileRef = 73868DCE2B4FFB38006CF5C7 /* AppDelegate.swift */; };
		73868DD12B4FFB38006CF5C7 /* SceneDelegate.swift in Sources */ = {isa = PBXBuildFile; fileRef = 73868DD02B4FFB38006CF5C7 /* SceneDelegate.swift */; };
		73868DD32B4FFB38006CF5C7 /* ViewController.swift in Sources */ = {isa = PBXBuildFile; fileRef = 73868DD22B4FFB38006CF5C7 /* ViewController.swift */; };
		73868DD62B4FFB38006CF5C7 /* Main.storyboard in Resources */ = {isa = PBXBuildFile; fileRef = 73868DD42B4FFB38006CF5C7 /* Main.storyboard */; };
		73868DD82B4FFB39006CF5C7 /* Assets.xcassets in Resources */ = {isa = PBXBuildFile; fileRef = 73868DD72B4FFB39006CF5C7 /* Assets.xcassets */; };
		73868DDB2B4FFB39006CF5C7 /* LaunchScreen.storyboard in Resources */ = {isa = PBXBuildFile; fileRef = 73868DD92B4FFB39006CF5C7 /* LaunchScreen.storyboard */; };
		73868DE52B4FFC9D006CF5C7 /* Todo.swift in Sources */ = {isa = PBXBuildFile; fileRef = 73868DE42B4FFC9D006CF5C7 /* Todo.swift */; };
		73868DE72B4FFCAA006CF5C7 /* TodoCell.swift in Sources */ = {isa = PBXBuildFile; fileRef = 73868DE62B4FFCAA006CF5C7 /* TodoCell.swift */; };
		73868DEF2B4FFDB2006CF5C7 /* TodoStore.swift in Sources */ = {isa = PBXBuildFile; fileRef = 73868DEE2B4FFDB2006CF5C7 /* TodoStore.swift */; };
		73868DF32B50C797006CF5C7 /* HeaderView.xib in Resources */ = {isa = PBXBuildFile; fileRef = 73868DF22B50C797006CF5C7 /* HeaderView.xib */; };
		73868DF52B50C85F006CF5C7 /* HeaderView.swift in Sources */ = {isa = PBXBuildFile; fileRef = 73868DF42B50C85F006CF5C7 /* HeaderView.swift */; };
		73868DFB2B510550006CF5C7 /* HomeViewController.swift in Sources */ = {isa = PBXBuildFile; fileRef = 73868DFA2B510550006CF5C7 /* HomeViewController.swift */; };
/* End PBXBuildFile section */

/* Begin PBXFileReference section */
		731237E72B511D91001DC59C /* PetViewController.swift */ = {isa = PBXFileReference; lastKnownFileType = sourcecode.swift; path = PetViewController.swift; sourceTree = "<group>"; };
		731237E92B512125001DC59C /* Cat.swift */ = {isa = PBXFileReference; lastKnownFileType = sourcecode.swift; path = Cat.swift; sourceTree = "<group>"; };
		73868DCB2B4FFB38006CF5C7 /* MyTodoList2.app */ = {isa = PBXFileReference; explicitFileType = wrapper.application; includeInIndex = 0; path = MyTodoList2.app; sourceTree = BUILT_PRODUCTS_DIR; };
		73868DCE2B4FFB38006CF5C7 /* AppDelegate.swift */ = {isa = PBXFileReference; lastKnownFileType = sourcecode.swift; path = AppDelegate.swift; sourceTree = "<group>"; };
		73868DD02B4FFB38006CF5C7 /* SceneDelegate.swift */ = {isa = PBXFileReference; lastKnownFileType = sourcecode.swift; path = SceneDelegate.swift; sourceTree = "<group>"; };
		73868DD22B4FFB38006CF5C7 /* ViewController.swift */ = {isa = PBXFileReference; lastKnownFileType = sourcecode.swift; path = ViewController.swift; sourceTree = "<group>"; };
		73868DD52B4FFB38006CF5C7 /* Base */ = {isa = PBXFileReference; lastKnownFileType = file.storyboard; name = Base; path = Base.lproj/Main.storyboard; sourceTree = "<group>"; };
		73868DD72B4FFB39006CF5C7 /* Assets.xcassets */ = {isa = PBXFileReference; lastKnownFileType = folder.assetcatalog; path = Assets.xcassets; sourceTree = "<group>"; };
		73868DDA2B4FFB39006CF5C7 /* Base */ = {isa = PBXFileReference; lastKnownFileType = file.storyboard; name = Base; path = Base.lproj/LaunchScreen.storyboard; sourceTree = "<group>"; };
		73868DDC2B4FFB39006CF5C7 /* Info.plist */ = {isa = PBXFileReference; lastKnownFileType = text.plist.xml; path = Info.plist; sourceTree = "<group>"; };
		73868DE42B4FFC9D006CF5C7 /* Todo.swift */ = {isa = PBXFileReference; lastKnownFileType = sourcecode.swift; path = Todo.swift; sourceTree = "<group>"; };
		73868DE62B4FFCAA006CF5C7 /* TodoCell.swift */ = {isa = PBXFileReference; lastKnownFileType = sourcecode.swift; path = TodoCell.swift; sourceTree = "<group>"; };
		73868DEE2B4FFDB2006CF5C7 /* TodoStore.swift */ = {isa = PBXFileReference; lastKnownFileType = sourcecode.swift; path = TodoStore.swift; sourceTree = "<group>"; };
		73868DF22B50C797006CF5C7 /* HeaderView.xib */ = {isa = PBXFileReference; lastKnownFileType = file.xib; path = HeaderView.xib; sourceTree = "<group>"; };
		73868DF42B50C85F006CF5C7 /* HeaderView.swift */ = {isa = PBXFileReference; lastKnownFileType = sourcecode.swift; path = HeaderView.swift; sourceTree = "<group>"; };
		73868DFA2B510550006CF5C7 /* HomeViewController.swift */ = {isa = PBXFileReference; lastKnownFileType = sourcecode.swift; path = HomeViewController.swift; sourceTree = "<group>"; };
/* End PBXFileReference section */

/* Begin PBXFrameworksBuildPhase section */
		73868DC82B4FFB38006CF5C7 /* Frameworks */ = {
			isa = PBXFrameworksBuildPhase;
			buildActionMask = 2147483647;
			files = (
			);
			runOnlyForDeploymentPostprocessing = 0;
		};
/* End PBXFrameworksBuildPhase section */

/* Begin PBXGroup section */
		73868DC22B4FFB38006CF5C7 = {
			isa = PBXGroup;
			children = (
				73868DCD2B4FFB38006CF5C7 /* MyTodoList2 */,
				73868DCC2B4FFB38006CF5C7 /* Products */,
			);
			sourceTree = "<group>";
		};
		73868DCC2B4FFB38006CF5C7 /* Products */ = {
			isa = PBXGroup;
			children = (
				73868DCB2B4FFB38006CF5C7 /* MyTodoList2.app */,
			);
			name = Products;
			sourceTree = "<group>";
		};
		73868DCD2B4FFB38006CF5C7 /* MyTodoList2 */ = {
			isa = PBXGroup;
			children = (
				73868DE22B4FFC78006CF5C7 /* Model */,
				73868DCE2B4FFB38006CF5C7 /* AppDelegate.swift */,
				73868DD02B4FFB38006CF5C7 /* SceneDelegate.swift */,
				73868DD22B4FFB38006CF5C7 /* ViewController.swift */,
				73868DD42B4FFB38006CF5C7 /* Main.storyboard */,
				73868DD72B4FFB39006CF5C7 /* Assets.xcassets */,
				73868DD92B4FFB39006CF5C7 /* LaunchScreen.storyboard */,
				73868DDC2B4FFB39006CF5C7 /* Info.plist */,
				73868DE62B4FFCAA006CF5C7 /* TodoCell.swift */,
				73868DF22B50C797006CF5C7 /* HeaderView.xib */,
				73868DF42B50C85F006CF5C7 /* HeaderView.swift */,
				73868DFA2B510550006CF5C7 /* HomeViewController.swift */,
				731237E72B511D91001DC59C /* PetViewController.swift */,
			);
			path = MyTodoList2;
			sourceTree = "<group>";
		};
		73868DE22B4FFC78006CF5C7 /* Model */ = {
			isa = PBXGroup;
			children = (
				73868DE42B4FFC9D006CF5C7 /* Todo.swift */,
				73868DEE2B4FFDB2006CF5C7 /* TodoStore.swift */,
				731237E92B512125001DC59C /* Cat.swift */,
			);
			path = Model;
			sourceTree = "<group>";
		};
/* End PBXGroup section */

/* Begin PBXNativeTarget section */
		73868DCA2B4FFB38006CF5C7 /* MyTodoList2 */ = {
			isa = PBXNativeTarget;
			buildConfigurationList = 73868DDF2B4FFB39006CF5C7 /* Build configuration list for PBXNativeTarget "MyTodoList2" */;
			buildPhases = (
				73868DC72B4FFB38006CF5C7 /* Sources */,
				73868DC82B4FFB38006CF5C7 /* Frameworks */,
				73868DC92B4FFB38006CF5C7 /* Resources */,
			);
			buildRules = (
			);
			dependencies = (
			);
			name = MyTodoList2;
			productName = MyTodoList2;
			productReference = 73868DCB2B4FFB38006CF5C7 /* MyTodoList2.app */;
			productType = "com.apple.product-type.application";
		};
/* End PBXNativeTarget section */

/* Begin PBXProject section */
		73868DC32B4FFB38006CF5C7 /* Project object */ = {
			isa = PBXProject;
			attributes = {
				BuildIndependentTargetsInParallel = 1;
				LastSwiftUpdateCheck = 1510;
				LastUpgradeCheck = 1510;
				TargetAttributes = {
					73868DCA2B4FFB38006CF5C7 = {
						CreatedOnToolsVersion = 15.1;
					};
				};
			};
			buildConfigurationList = 73868DC62B4FFB38006CF5C7 /* Build configuration list for PBXProject "MyTodoList2" */;
			compatibilityVersion = "Xcode 14.0";
			developmentRegion = en;
			hasScannedForEncodings = 0;
			knownRegions = (
				en,
				Base,
			);
			mainGroup = 73868DC22B4FFB38006CF5C7;
			productRefGroup = 73868DCC2B4FFB38006CF5C7 /* Products */;
			projectDirPath = "";
			projectRoot = "";
			targets = (
				73868DCA2B4FFB38006CF5C7 /* MyTodoList2 */,
			);
		};
/* End PBXProject section */

/* Begin PBXResourcesBuildPhase section */
		73868DC92B4FFB38006CF5C7 /* Resources */ = {
			isa = PBXResourcesBuildPhase;
			buildActionMask = 2147483647;
			files = (
				73868DDB2B4FFB39006CF5C7 /* LaunchScreen.storyboard in Resources */,
				73868DD82B4FFB39006CF5C7 /* Assets.xcassets in Resources */,
				73868DD62B4FFB38006CF5C7 /* Main.storyboard in Resources */,
				73868DF32B50C797006CF5C7 /* HeaderView.xib in Resources */,
			);
			runOnlyForDeploymentPostprocessing = 0;
		};
/* End PBXResourcesBuildPhase section */

/* Begin PBXSourcesBuildPhase section */
		73868DC72B4FFB38006CF5C7 /* Sources */ = {
			isa = PBXSourcesBuildPhase;
			buildActionMask = 2147483647;
			files = (
				73868DD32B4FFB38006CF5C7 /* ViewController.swift in Sources */,
				731237E82B511D91001DC59C /* PetViewController.swift in Sources */,
				731237EA2B512125001DC59C /* Cat.swift in Sources */,
				73868DF52B50C85F006CF5C7 /* HeaderView.swift in Sources */,
				73868DCF2B4FFB38006CF5C7 /* AppDelegate.swift in Sources */,
				73868DFB2B510550006CF5C7 /* HomeViewController.swift in Sources */,
				73868DD12B4FFB38006CF5C7 /* SceneDelegate.swift in Sources */,
				73868DE72B4FFCAA006CF5C7 /* TodoCell.swift in Sources */,
				73868DE52B4FFC9D006CF5C7 /* Todo.swift in Sources */,
				73868DEF2B4FFDB2006CF5C7 /* TodoStore.swift in Sources */,
			);
			runOnlyForDeploymentPostprocessing = 0;
		};
/* End PBXSourcesBuildPhase section */

/* Begin PBXVariantGroup section */
		73868DD42B4FFB38006CF5C7 /* Main.storyboard */ = {
			isa = PBXVariantGroup;
			children = (
				73868DD52B4FFB38006CF5C7 /* Base */,
			);
			name = Main.storyboard;
			sourceTree = "<group>";
		};
		73868DD92B4FFB39006CF5C7 /* LaunchScreen.storyboard */ = {
			isa = PBXVariantGroup;
			children = (
				73868DDA2B4FFB39006CF5C7 /* Base */,
			);
			name = LaunchScreen.storyboard;
			sourceTree = "<group>";
		};
/* End PBXVariantGroup section */

/* Begin XCBuildConfiguration section */
		73868DDD2B4FFB39006CF5C7 /* Debug */ = {
			isa = XCBuildConfiguration;
			buildSettings = {
				ALWAYS_SEARCH_USER_PATHS = NO;
				ASSETCATALOG_COMPILER_GENERATE_SWIFT_ASSET_SYMBOL_EXTENSIONS = YES;
				CLANG_ANALYZER_NONNULL = YES;
				CLANG_ANALYZER_NUMBER_OBJECT_CONVERSION = YES_AGGRESSIVE;
				CLANG_CXX_LANGUAGE_STANDARD = "gnu++20";
				CLANG_ENABLE_MODULES = YES;
				CLANG_ENABLE_OBJC_ARC = YES;
				CLANG_ENABLE_OBJC_WEAK = YES;
				CLANG_WARN_BLOCK_CAPTURE_AUTORELEASING = YES;
				CLANG_WARN_BOOL_CONVERSION = YES;
				CLANG_WARN_COMMA = YES;
				CLANG_WARN_CONSTANT_CONVERSION = YES;
				CLANG_WARN_DEPRECATED_OBJC_IMPLEMENTATIONS = YES;
				CLANG_WARN_DIRECT_OBJC_ISA_USAGE = YES_ERROR;
				CLANG_WARN_DOCUMENTATION_COMMENTS = YES;
				CLANG_WARN_EMPTY_BODY = YES;
				CLANG_WARN_ENUM_CONVERSION = YES;
				CLANG_WARN_INFINITE_RECURSION = YES;
				CLANG_WARN_INT_CONVERSION = YES;
				CLANG_WARN_NON_LITERAL_NULL_CONVERSION = YES;
				CLANG_WARN_OBJC_IMPLICIT_RETAIN_SELF = YES;
				CLANG_WARN_OBJC_LITERAL_CONVERSION = YES;
				CLANG_WARN_OBJC_ROOT_CLASS = YES_ERROR;
				CLANG_WARN_QUOTED_INCLUDE_IN_FRAMEWORK_HEADER = YES;
				CLANG_WARN_RANGE_LOOP_ANALYSIS = YES;
				CLANG_WARN_STRICT_PROTOTYPES = YES;
				CLANG_WARN_SUSPICIOUS_MOVE = YES;
				CLANG_WARN_UNGUARDED_AVAILABILITY = YES_AGGRESSIVE;
				CLANG_WARN_UNREACHABLE_CODE = YES;
				CLANG_WARN__DUPLICATE_METHOD_MATCH = YES;
				COPY_PHASE_STRIP = NO;
				DEBUG_INFORMATION_FORMAT = dwarf;
				ENABLE_STRICT_OBJC_MSGSEND = YES;
				ENABLE_TESTABILITY = YES;
				ENABLE_USER_SCRIPT_SANDBOXING = YES;
				GCC_C_LANGUAGE_STANDARD = gnu17;
				GCC_DYNAMIC_NO_PIC = NO;
				GCC_NO_COMMON_BLOCKS = YES;
				GCC_OPTIMIZATION_LEVEL = 0;
				GCC_PREPROCESSOR_DEFINITIONS = (
					"DEBUG=1",
					"$(inherited)",
				);
				GCC_WARN_64_TO_32_BIT_CONVERSION = YES;
				GCC_WARN_ABOUT_RETURN_TYPE = YES_ERROR;
				GCC_WARN_UNDECLARED_SELECTOR = YES;
				GCC_WARN_UNINITIALIZED_AUTOS = YES_AGGRESSIVE;
				GCC_WARN_UNUSED_FUNCTION = YES;
				GCC_WARN_UNUSED_VARIABLE = YES;
				IPHONEOS_DEPLOYMENT_TARGET = 17.2;
				LOCALIZATION_PREFERS_STRING_CATALOGS = YES;
				MTL_ENABLE_DEBUG_INFO = INCLUDE_SOURCE;
				MTL_FAST_MATH = YES;
				ONLY_ACTIVE_ARCH = YES;
				SDKROOT = iphoneos;
				SWIFT_ACTIVE_COMPILATION_CONDITIONS = "DEBUG $(inherited)";
				SWIFT_OPTIMIZATION_LEVEL = "-Onone";
			};
			name = Debug;
		};
		73868DDE2B4FFB39006CF5C7 /* Release */ = {
			isa = XCBuildConfiguration;
			buildSettings = {
				ALWAYS_SEARCH_USER_PATHS = NO;
				ASSETCATALOG_COMPILER_GENERATE_SWIFT_ASSET_SYMBOL_EXTENSIONS = YES;
				CLANG_ANALYZER_NONNULL = YES;
				CLANG_ANALYZER_NUMBER_OBJECT_CONVERSION = YES_AGGRESSIVE;
				CLANG_CXX_LANGUAGE_STANDARD = "gnu++20";
				CLANG_ENABLE_MODULES = YES;
				CLANG_ENABLE_OBJC_ARC = YES;
				CLANG_ENABLE_OBJC_WEAK = YES;
				CLANG_WARN_BLOCK_CAPTURE_AUTORELEASING = YES;
				CLANG_WARN_BOOL_CONVERSION = YES;
				CLANG_WARN_COMMA = YES;
				CLANG_WARN_CONSTANT_CONVERSION = YES;
				CLANG_WARN_DEPRECATED_OBJC_IMPLEMENTATIONS = YES;
				CLANG_WARN_DIRECT_OBJC_ISA_USAGE = YES_ERROR;
				CLANG_WARN_DOCUMENTATION_COMMENTS = YES;
				CLANG_WARN_EMPTY_BODY = YES;
				CLANG_WARN_ENUM_CONVERSION = YES;
				CLANG_WARN_INFINITE_RECURSION = YES;
				CLANG_WARN_INT_CONVERSION = YES;
				CLANG_WARN_NON_LITERAL_NULL_CONVERSION = YES;
				CLANG_WARN_OBJC_IMPLICIT_RETAIN_SELF = YES;
				CLANG_WARN_OBJC_LITERAL_CONVERSION = YES;
				CLANG_WARN_OBJC_ROOT_CLASS = YES_ERROR;
				CLANG_WARN_QUOTED_INCLUDE_IN_FRAMEWORK_HEADER = YES;
				CLANG_WARN_RANGE_LOOP_ANALYSIS = YES;
				CLANG_WARN_STRICT_PROTOTYPES = YES;
				CLANG_WARN_SUSPICIOUS_MOVE = YES;
				CLANG_WARN_UNGUARDED_AVAILABILITY = YES_AGGRESSIVE;
				CLANG_WARN_UNREACHABLE_CODE = YES;
				CLANG_WARN__DUPLICATE_METHOD_MATCH = YES;
				COPY_PHASE_STRIP = NO;
				DEBUG_INFORMATION_FORMAT = "dwarf-with-dsym";
				ENABLE_NS_ASSERTIONS = NO;
				ENABLE_STRICT_OBJC_MSGSEND = YES;
				ENABLE_USER_SCRIPT_SANDBOXING = YES;
				GCC_C_LANGUAGE_STANDARD = gnu17;
				GCC_NO_COMMON_BLOCKS = YES;
				GCC_WARN_64_TO_32_BIT_CONVERSION = YES;
				GCC_WARN_ABOUT_RETURN_TYPE = YES_ERROR;
				GCC_WARN_UNDECLARED_SELECTOR = YES;
				GCC_WARN_UNINITIALIZED_AUTOS = YES_AGGRESSIVE;
				GCC_WARN_UNUSED_FUNCTION = YES;
				GCC_WARN_UNUSED_VARIABLE = YES;
				IPHONEOS_DEPLOYMENT_TARGET = 17.2;
				LOCALIZATION_PREFERS_STRING_CATALOGS = YES;
				MTL_ENABLE_DEBUG_INFO = NO;
				MTL_FAST_MATH = YES;
				SDKROOT = iphoneos;
				SWIFT_COMPILATION_MODE = wholemodule;
				VALIDATE_PRODUCT = YES;
			};
			name = Release;
		};
		73868DE02B4FFB39006CF5C7 /* Debug */ = {
			isa = XCBuildConfiguration;
			buildSettings = {
				ASSETCATALOG_COMPILER_APPICON_NAME = AppIcon;
				ASSETCATALOG_COMPILER_GLOBAL_ACCENT_COLOR_NAME = AccentColor;
				CODE_SIGN_STYLE = Automatic;
				CURRENT_PROJECT_VERSION = 1;
				GENERATE_INFOPLIST_FILE = YES;
				INFOPLIST_FILE = MyTodoList2/Info.plist;
				INFOPLIST_KEY_UIApplicationSupportsIndirectInputEvents = YES;
				INFOPLIST_KEY_UILaunchStoryboardName = LaunchScreen;
				INFOPLIST_KEY_UIMainStoryboardFile = Main;
				INFOPLIST_KEY_UISupportedInterfaceOrientations_iPad = "UIInterfaceOrientationPortrait UIInterfaceOrientationPortraitUpsideDown UIInterfaceOrientationLandscapeLeft UIInterfaceOrientationLandscapeRight";
				INFOPLIST_KEY_UISupportedInterfaceOrientations_iPhone = "UIInterfaceOrientationPortrait UIInterfaceOrientationLandscapeLeft UIInterfaceOrientationLandscapeRight";
				LD_RUNPATH_SEARCH_PATHS = (
					"$(inherited)",
					"@executable_path/Frameworks",
				);
				MARKETING_VERSION = 1.0;
				PRODUCT_BUNDLE_IDENTIFIER = com.yuri.MyTodoList2;
				PRODUCT_NAME = "$(TARGET_NAME)";
				SWIFT_EMIT_LOC_STRINGS = YES;
				SWIFT_VERSION = 5.0;
				TARGETED_DEVICE_FAMILY = "1,2";
			};
			name = Debug;
		};
		73868DE12B4FFB39006CF5C7 /* Release */ = {
			isa = XCBuildConfiguration;
			buildSettings = {
				ASSETCATALOG_COMPILER_APPICON_NAME = AppIcon;
				ASSETCATALOG_COMPILER_GLOBAL_ACCENT_COLOR_NAME = AccentColor;
				CODE_SIGN_STYLE = Automatic;
				CURRENT_PROJECT_VERSION = 1;
				GENERATE_INFOPLIST_FILE = YES;
				INFOPLIST_FILE = MyTodoList2/Info.plist;
				INFOPLIST_KEY_UIApplicationSupportsIndirectInputEvents = YES;
				INFOPLIST_KEY_UILaunchStoryboardName = LaunchScreen;
				INFOPLIST_KEY_UIMainStoryboardFile = Main;
				INFOPLIST_KEY_UISupportedInterfaceOrientations_iPad = "UIInterfaceOrientationPortrait UIInterfaceOrientationPortraitUpsideDown UIInterfaceOrientationLandscapeLeft UIInterfaceOrientationLandscapeRight";
				INFOPLIST_KEY_UISupportedInterfaceOrientations_iPhone = "UIInterfaceOrientationPortrait UIInterfaceOrientationLandscapeLeft UIInterfaceOrientationLandscapeRight";
				LD_RUNPATH_SEARCH_PATHS = (
					"$(inherited)",
					"@executable_path/Frameworks",
				);
				MARKETING_VERSION = 1.0;
				PRODUCT_BUNDLE_IDENTIFIER = com.yuri.MyTodoList2;
				PRODUCT_NAME = "$(TARGET_NAME)";
				SWIFT_EMIT_LOC_STRINGS = YES;
				SWIFT_VERSION = 5.0;
				TARGETED_DEVICE_FAMILY = "1,2";
			};
			name = Release;
		};
/* End XCBuildConfiguration section */

/* Begin XCConfigurationList section */
		73868DC62B4FFB38006CF5C7 /* Build configuration list for PBXProject "MyTodoList2" */ = {
			isa = XCConfigurationList;
			buildConfigurations = (
				73868DDD2B4FFB39006CF5C7 /* Debug */,
				73868DDE2B4FFB39006CF5C7 /* Release */,
			);
			defaultConfigurationIsVisible = 0;
			defaultConfigurationName = Release;
		};
		73868DDF2B4FFB39006CF5C7 /* Build configuration list for PBXNativeTarget "MyTodoList2" */ = {
			isa = XCConfigurationList;
			buildConfigurations = (
				73868DE02B4FFB39006CF5C7 /* Debug */,
				73868DE12B4FFB39006CF5C7 /* Release */,
			);
			defaultConfigurationIsVisible = 0;
			defaultConfigurationName = Release;
		};
/* End XCConfigurationList section */
	};
	rootObject = 73868DC32B4FFB38006CF5C7 /* Project object */;
}
